// !$*UTF8*$!
{
	archiveVersion = 1;
	classes = {
	};
	objectVersion = 55;
	objects = {

/* Begin PBXBuildFile section */
		C21C24E6272DB498005F19AB /* NativeChatApp.swift in Sources */ = {isa = PBXBuildFile; fileRef = C21C24E5272DB498005F19AB /* NativeChatApp.swift */; };
		C21C24E8272DB498005F19AB /* ContentView.swift in Sources */ = {isa = PBXBuildFile; fileRef = C21C24E7272DB498005F19AB /* ContentView.swift */; };
		C21C24EA272DB498005F19AB /* Assets.xcassets in Resources */ = {isa = PBXBuildFile; fileRef = C21C24E9272DB498005F19AB /* Assets.xcassets */; };
		C21C24ED272DB498005F19AB /* Preview Assets.xcassets in Resources */ = {isa = PBXBuildFile; fileRef = C21C24EC272DB498005F19AB /* Preview Assets.xcassets */; };
		C25F1A302731B2B300345639 /* NSTextField+Extension.swift in Sources */ = {isa = PBXBuildFile; fileRef = C25F1A2F2731B2B300345639 /* NSTextField+Extension.swift */; };
		C25F1A322731B2C500345639 /* NSView+Extension.swift in Sources */ = {isa = PBXBuildFile; fileRef = C25F1A312731B2C500345639 /* NSView+Extension.swift */; };
		C25F1A342731B2D600345639 /* View+Extension.swift in Sources */ = {isa = PBXBuildFile; fileRef = C25F1A332731B2D600345639 /* View+Extension.swift */; };
		C25F1A362731B2F800345639 /* SettingsView.swift in Sources */ = {isa = PBXBuildFile; fileRef = C25F1A352731B2F800345639 /* SettingsView.swift */; };
		C25F1A382731B4B600345639 /* NeatButton.swift in Sources */ = {isa = PBXBuildFile; fileRef = C25F1A372731B4B600345639 /* NeatButton.swift */; };
		C25F1A3A2731B4D600345639 /* LogText.swift in Sources */ = {isa = PBXBuildFile; fileRef = C25F1A392731B4D600345639 /* LogText.swift */; };
		C2637AEB272E0450003AEB89 /* SharedStatus.swift in Sources */ = {isa = PBXBuildFile; fileRef = C2637AEA272E0450003AEB89 /* SharedStatus.swift */; };
		C2D1988027310D4900B00B0B /* SendMessageView.swift in Sources */ = {isa = PBXBuildFile; fileRef = C2D1987F27310D4900B00B0B /* SendMessageView.swift */; };
		C2D198822731136600B00B0B /* AppStorageKeys.swift in Sources */ = {isa = PBXBuildFile; fileRef = C2D198812731136600B00B0B /* AppStorageKeys.swift */; };
		C2D198842731137C00B00B0B /* Accessibility.swift in Sources */ = {isa = PBXBuildFile; fileRef = C2D198832731137C00B00B0B /* Accessibility.swift */; };
		C2FC77852730F50A00DD7F32 /* UserModel.swift in Sources */ = {isa = PBXBuildFile; fileRef = C2FC77842730F50A00DD7F32 /* UserModel.swift */; };
		C2FC778A2730FB0F00DD7F32 /* ChatViewModel.swift in Sources */ = {isa = PBXBuildFile; fileRef = C21C24FA272DB527005F19AB /* ChatViewModel.swift */; };
		C2FC778D2730FB9B00DD7F32 /* IRCServer.swift in Sources */ = {isa = PBXBuildFile; fileRef = C2FC778C2730FB9B00DD7F32 /* IRCServer.swift */; };
		C2FC778F2730FBB400DD7F32 /* IRCChannel.swift in Sources */ = {isa = PBXBuildFile; fileRef = C2FC778E2730FBB400DD7F32 /* IRCChannel.swift */; };
		C2FC77912730FC4400DD7F32 /* IRCInputParser.swift in Sources */ = {isa = PBXBuildFile; fileRef = C2FC77902730FC4400DD7F32 /* IRCInputParser.swift */; };
		C2FC77932730FC6E00DD7F32 /* ChatModel.swift in Sources */ = {isa = PBXBuildFile; fileRef = C2FC77922730FC6E00DD7F32 /* ChatModel.swift */; };
		C2FC77952731010F00DD7F32 /* Constants.swift in Sources */ = {isa = PBXBuildFile; fileRef = C2FC77942731010F00DD7F32 /* Constants.swift */; };
		C2FC7797273102D500DD7F32 /* ChatView.swift in Sources */ = {isa = PBXBuildFile; fileRef = C2FC7796273102D500DD7F32 /* ChatView.swift */; };
		C2FC7799273102DF00DD7F32 /* ChatRowView.swift in Sources */ = {isa = PBXBuildFile; fileRef = C2FC7798273102DF00DD7F32 /* ChatRowView.swift */; };
/* End PBXBuildFile section */

/* Begin PBXFileReference section */
		C21C24E2272DB498005F19AB /* NativeChat.app */ = {isa = PBXFileReference; explicitFileType = wrapper.application; includeInIndex = 0; path = NativeChat.app; sourceTree = BUILT_PRODUCTS_DIR; };
		C21C24E5272DB498005F19AB /* NativeChatApp.swift */ = {isa = PBXFileReference; lastKnownFileType = sourcecode.swift; path = NativeChatApp.swift; sourceTree = "<group>"; };
		C21C24E7272DB498005F19AB /* ContentView.swift */ = {isa = PBXFileReference; lastKnownFileType = sourcecode.swift; path = ContentView.swift; sourceTree = "<group>"; };
		C21C24E9272DB498005F19AB /* Assets.xcassets */ = {isa = PBXFileReference; lastKnownFileType = folder.assetcatalog; path = Assets.xcassets; sourceTree = "<group>"; };
		C21C24EC272DB498005F19AB /* Preview Assets.xcassets */ = {isa = PBXFileReference; lastKnownFileType = folder.assetcatalog; path = "Preview Assets.xcassets"; sourceTree = "<group>"; };
		C21C24EE272DB498005F19AB /* NativeChat.entitlements */ = {isa = PBXFileReference; lastKnownFileType = text.plist.entitlements; path = NativeChat.entitlements; sourceTree = "<group>"; };
		C21C24FA272DB527005F19AB /* ChatViewModel.swift */ = {isa = PBXFileReference; lastKnownFileType = sourcecode.swift; path = ChatViewModel.swift; sourceTree = "<group>"; };
		C25F1A2F2731B2B300345639 /* NSTextField+Extension.swift */ = {isa = PBXFileReference; lastKnownFileType = sourcecode.swift; path = "NSTextField+Extension.swift"; sourceTree = "<group>"; };
		C25F1A312731B2C500345639 /* NSView+Extension.swift */ = {isa = PBXFileReference; lastKnownFileType = sourcecode.swift; path = "NSView+Extension.swift"; sourceTree = "<group>"; };
		C25F1A332731B2D600345639 /* View+Extension.swift */ = {isa = PBXFileReference; lastKnownFileType = sourcecode.swift; path = "View+Extension.swift"; sourceTree = "<group>"; };
		C25F1A352731B2F800345639 /* SettingsView.swift */ = {isa = PBXFileReference; lastKnownFileType = sourcecode.swift; path = SettingsView.swift; sourceTree = "<group>"; };
		C25F1A372731B4B600345639 /* NeatButton.swift */ = {isa = PBXFileReference; lastKnownFileType = sourcecode.swift; path = NeatButton.swift; sourceTree = "<group>"; };
		C25F1A392731B4D600345639 /* LogText.swift */ = {isa = PBXFileReference; lastKnownFileType = sourcecode.swift; path = LogText.swift; sourceTree = "<group>"; };
		C2637AEA272E0450003AEB89 /* SharedStatus.swift */ = {isa = PBXFileReference; lastKnownFileType = sourcecode.swift; path = SharedStatus.swift; sourceTree = "<group>"; };
		C2D1987F27310D4900B00B0B /* SendMessageView.swift */ = {isa = PBXFileReference; lastKnownFileType = sourcecode.swift; path = SendMessageView.swift; sourceTree = "<group>"; };
		C2D198812731136600B00B0B /* AppStorageKeys.swift */ = {isa = PBXFileReference; lastKnownFileType = sourcecode.swift; path = AppStorageKeys.swift; sourceTree = "<group>"; };
		C2D198832731137C00B00B0B /* Accessibility.swift */ = {isa = PBXFileReference; lastKnownFileType = sourcecode.swift; path = Accessibility.swift; sourceTree = "<group>"; };
		C2D198852731145A00B00B0B /* Info.plist */ = {isa = PBXFileReference; lastKnownFileType = text.plist; path = Info.plist; sourceTree = "<group>"; };
		C2FC77842730F50A00DD7F32 /* UserModel.swift */ = {isa = PBXFileReference; lastKnownFileType = sourcecode.swift; path = UserModel.swift; sourceTree = "<group>"; };
		C2FC778C2730FB9B00DD7F32 /* IRCServer.swift */ = {isa = PBXFileReference; lastKnownFileType = sourcecode.swift; path = IRCServer.swift; sourceTree = "<group>"; };
		C2FC778E2730FBB400DD7F32 /* IRCChannel.swift */ = {isa = PBXFileReference; lastKnownFileType = sourcecode.swift; path = IRCChannel.swift; sourceTree = "<group>"; };
		C2FC77902730FC4400DD7F32 /* IRCInputParser.swift */ = {isa = PBXFileReference; lastKnownFileType = sourcecode.swift; path = IRCInputParser.swift; sourceTree = "<group>"; };
		C2FC77922730FC6E00DD7F32 /* ChatModel.swift */ = {isa = PBXFileReference; lastKnownFileType = sourcecode.swift; path = ChatModel.swift; sourceTree = "<group>"; };
		C2FC77942731010F00DD7F32 /* Constants.swift */ = {isa = PBXFileReference; lastKnownFileType = sourcecode.swift; path = Constants.swift; sourceTree = "<group>"; };
		C2FC7796273102D500DD7F32 /* ChatView.swift */ = {isa = PBXFileReference; lastKnownFileType = sourcecode.swift; path = ChatView.swift; sourceTree = "<group>"; };
		C2FC7798273102DF00DD7F32 /* ChatRowView.swift */ = {isa = PBXFileReference; lastKnownFileType = sourcecode.swift; path = ChatRowView.swift; sourceTree = "<group>"; };
/* End PBXFileReference section */

/* Begin PBXFrameworksBuildPhase section */
		C21C24DF272DB498005F19AB /* Frameworks */ = {
			isa = PBXFrameworksBuildPhase;
			buildActionMask = 2147483647;
			files = (
			);
			runOnlyForDeploymentPostprocessing = 0;
		};
/* End PBXFrameworksBuildPhase section */

/* Begin PBXGroup section */
		C21C24D9272DB498005F19AB = {
			isa = PBXGroup;
			children = (
				C21C24E4272DB498005F19AB /* NativeChat */,
				C21C24E3272DB498005F19AB /* Products */,
				C221A687272DB9F400B78E53 /* Frameworks */,
			);
			sourceTree = "<group>";
		};
		C21C24E3272DB498005F19AB /* Products */ = {
			isa = PBXGroup;
			children = (
				C21C24E2272DB498005F19AB /* NativeChat.app */,
			);
			name = Products;
			sourceTree = "<group>";
		};
		C21C24E4272DB498005F19AB /* NativeChat */ = {
			isa = PBXGroup;
			children = (
				C2D198852731145A00B00B0B /* Info.plist */,
				C21C24E5272DB498005F19AB /* NativeChatApp.swift */,
				C21C24E7272DB498005F19AB /* ContentView.swift */,
				C21C24F7272DB4DE005F19AB /* Views */,
				C21C24F9272DB4E6005F19AB /* ViewModel */,
				C21C24F8272DB4E3005F19AB /*  Model */,
				C25F1A2E2731B2A500345639 /* Extensions */,
				C2FC778B2730FB8500DD7F32 /* IRCServer */,
				C21C24E9272DB498005F19AB /* Assets.xcassets */,
				C21C24EE272DB498005F19AB /* NativeChat.entitlements */,
				C21C24EB272DB498005F19AB /* Preview Content */,
			);
			path = NativeChat;
			sourceTree = "<group>";
		};
		C21C24EB272DB498005F19AB /* Preview Content */ = {
			isa = PBXGroup;
			children = (
				C21C24EC272DB498005F19AB /* Preview Assets.xcassets */,
			);
			path = "Preview Content";
			sourceTree = "<group>";
		};
		C21C24F7272DB4DE005F19AB /* Views */ = {
			isa = PBXGroup;
			children = (
				C25F1A2C2731B25800345639 /* SettingsView */,
				C2FC7796273102D500DD7F32 /* ChatView.swift */,
				C2FC7798273102DF00DD7F32 /* ChatRowView.swift */,
				C2D1987F27310D4900B00B0B /* SendMessageView.swift */,
			);
			path = Views;
			sourceTree = "<group>";
		};
		C21C24F8272DB4E3005F19AB /*  Model */ = {
			isa = PBXGroup;
			children = (
				C2FC77922730FC6E00DD7F32 /* ChatModel.swift */,
				C2637AEA272E0450003AEB89 /* SharedStatus.swift */,
				C2FC77842730F50A00DD7F32 /* UserModel.swift */,
				C2FC77942731010F00DD7F32 /* Constants.swift */,
				C2D198832731137C00B00B0B /* Accessibility.swift */,
				C2D198812731136600B00B0B /* AppStorageKeys.swift */,
			);
			path = " Model";
			sourceTree = "<group>";
		};
		C21C24F9272DB4E6005F19AB /* ViewModel */ = {
			isa = PBXGroup;
			children = (
				C21C24FA272DB527005F19AB /* ChatViewModel.swift */,
			);
			path = ViewModel;
			sourceTree = "<group>";
		};
		C221A687272DB9F400B78E53 /* Frameworks */ = {
			isa = PBXGroup;
			children = (
			);
			name = Frameworks;
			sourceTree = "<group>";
		};
		C25F1A2C2731B25800345639 /* SettingsView */ = {
			isa = PBXGroup;
			children = (
				C25F1A352731B2F800345639 /* SettingsView.swift */,
				C25F1A372731B4B600345639 /* NeatButton.swift */,
				C25F1A392731B4D600345639 /* LogText.swift */,
			);
			path = SettingsView;
			sourceTree = "<group>";
		};
		C25F1A2E2731B2A500345639 /* Extensions */ = {
			isa = PBXGroup;
			children = (
				C25F1A2F2731B2B300345639 /* NSTextField+Extension.swift */,
				C25F1A312731B2C500345639 /* NSView+Extension.swift */,
				C25F1A332731B2D600345639 /* View+Extension.swift */,
			);
			path = Extensions;
			sourceTree = "<group>";
		};
		C2FC778B2730FB8500DD7F32 /* IRCServer */ = {
			isa = PBXGroup;
			children = (
				C2FC778C2730FB9B00DD7F32 /* IRCServer.swift */,
				C2FC778E2730FBB400DD7F32 /* IRCChannel.swift */,
				C2FC77902730FC4400DD7F32 /* IRCInputParser.swift */,
			);
			path = IRCServer;
			sourceTree = "<group>";
		};
/* End PBXGroup section */

/* Begin PBXNativeTarget section */
		C21C24E1272DB498005F19AB /* NativeChat */ = {
			isa = PBXNativeTarget;
			buildConfigurationList = C21C24F1272DB498005F19AB /* Build configuration list for PBXNativeTarget "NativeChat" */;
			buildPhases = (
				C21C24DE272DB498005F19AB /* Sources */,
				C21C24DF272DB498005F19AB /* Frameworks */,
				C21C24E0272DB498005F19AB /* Resources */,
			);
			buildRules = (
			);
			dependencies = (
			);
			name = NativeChat;
			packageProductDependencies = (
			);
			productName = NativeChat;
			productReference = C21C24E2272DB498005F19AB /* NativeChat.app */;
			productType = "com.apple.product-type.application";
		};
/* End PBXNativeTarget section */

/* Begin PBXProject section */
		C21C24DA272DB498005F19AB /* Project object */ = {
			isa = PBXProject;
			attributes = {
				BuildIndependentTargetsInParallel = 1;
				LastSwiftUpdateCheck = 1310;
				LastUpgradeCheck = 1310;
				TargetAttributes = {
					C21C24E1272DB498005F19AB = {
						CreatedOnToolsVersion = 13.1;
					};
				};
			};
			buildConfigurationList = C21C24DD272DB498005F19AB /* Build configuration list for PBXProject "NativeChat" */;
			compatibilityVersion = "Xcode 13.0";
			developmentRegion = en;
			hasScannedForEncodings = 0;
			knownRegions = (
				en,
				Base,
			);
			mainGroup = C21C24D9272DB498005F19AB;
			packageReferences = (
			);
			productRefGroup = C21C24E3272DB498005F19AB /* Products */;
			projectDirPath = "";
			projectRoot = "";
			targets = (
				C21C24E1272DB498005F19AB /* NativeChat */,
			);
		};
/* End PBXProject section */

/* Begin PBXResourcesBuildPhase section */
		C21C24E0272DB498005F19AB /* Resources */ = {
			isa = PBXResourcesBuildPhase;
			buildActionMask = 2147483647;
			files = (
				C21C24ED272DB498005F19AB /* Preview Assets.xcassets in Resources */,
				C21C24EA272DB498005F19AB /* Assets.xcassets in Resources */,
			);
			runOnlyForDeploymentPostprocessing = 0;
		};
/* End PBXResourcesBuildPhase section */

/* Begin PBXSourcesBuildPhase section */
		C21C24DE272DB498005F19AB /* Sources */ = {
			isa = PBXSourcesBuildPhase;
			buildActionMask = 2147483647;
			files = (
				C2637AEB272E0450003AEB89 /* SharedStatus.swift in Sources */,
				C2FC778F2730FBB400DD7F32 /* IRCChannel.swift in Sources */,
				C21C24E8272DB498005F19AB /* ContentView.swift in Sources */,
				C2D198822731136600B00B0B /* AppStorageKeys.swift in Sources */,
				C2FC7799273102DF00DD7F32 /* ChatRowView.swift in Sources */,
				C2D1988027310D4900B00B0B /* SendMessageView.swift in Sources */,
				C25F1A3A2731B4D600345639 /* LogText.swift in Sources */,
				C21C24E6272DB498005F19AB /* NativeChatApp.swift in Sources */,
				C2D198842731137C00B00B0B /* Accessibility.swift in Sources */,
				C25F1A302731B2B300345639 /* NSTextField+Extension.swift in Sources */,
				C25F1A322731B2C500345639 /* NSView+Extension.swift in Sources */,
				C2FC7797273102D500DD7F32 /* ChatView.swift in Sources */,
				C2FC77912730FC4400DD7F32 /* IRCInputParser.swift in Sources */,
				C2FC77952731010F00DD7F32 /* Constants.swift in Sources */,
				C2FC778A2730FB0F00DD7F32 /* ChatViewModel.swift in Sources */,
				C2FC77852730F50A00DD7F32 /* UserModel.swift in Sources */,
				C2FC778D2730FB9B00DD7F32 /* IRCServer.swift in Sources */,
				C25F1A342731B2D600345639 /* View+Extension.swift in Sources */,
				C2FC77932730FC6E00DD7F32 /* ChatModel.swift in Sources */,
				C25F1A362731B2F800345639 /* SettingsView.swift in Sources */,
				C25F1A382731B4B600345639 /* NeatButton.swift in Sources */,
			);
			runOnlyForDeploymentPostprocessing = 0;
		};
/* End PBXSourcesBuildPhase section */

/* Begin XCBuildConfiguration section */
		C21C24EF272DB498005F19AB /* Debug */ = {
			isa = XCBuildConfiguration;
			buildSettings = {
				ALWAYS_SEARCH_USER_PATHS = NO;
				CLANG_ANALYZER_NONNULL = YES;
				CLANG_ANALYZER_NUMBER_OBJECT_CONVERSION = YES_AGGRESSIVE;
				CLANG_CXX_LANGUAGE_STANDARD = "gnu++17";
				CLANG_CXX_LIBRARY = "libc++";
				CLANG_ENABLE_MODULES = YES;
				CLANG_ENABLE_OBJC_ARC = YES;
				CLANG_ENABLE_OBJC_WEAK = YES;
				CLANG_WARN_BLOCK_CAPTURE_AUTORELEASING = YES;
				CLANG_WARN_BOOL_CONVERSION = YES;
				CLANG_WARN_COMMA = YES;
				CLANG_WARN_CONSTANT_CONVERSION = YES;
				CLANG_WARN_DEPRECATED_OBJC_IMPLEMENTATIONS = YES;
				CLANG_WARN_DIRECT_OBJC_ISA_USAGE = YES_ERROR;
				CLANG_WARN_DOCUMENTATION_COMMENTS = YES;
				CLANG_WARN_EMPTY_BODY = YES;
				CLANG_WARN_ENUM_CONVERSION = YES;
				CLANG_WARN_INFINITE_RECURSION = YES;
				CLANG_WARN_INT_CONVERSION = YES;
				CLANG_WARN_NON_LITERAL_NULL_CONVERSION = YES;
				CLANG_WARN_OBJC_IMPLICIT_RETAIN_SELF = YES;
				CLANG_WARN_OBJC_LITERAL_CONVERSION = YES;
				CLANG_WARN_OBJC_ROOT_CLASS = YES_ERROR;
				CLANG_WARN_QUOTED_INCLUDE_IN_FRAMEWORK_HEADER = YES;
				CLANG_WARN_RANGE_LOOP_ANALYSIS = YES;
				CLANG_WARN_STRICT_PROTOTYPES = YES;
				CLANG_WARN_SUSPICIOUS_MOVE = YES;
				CLANG_WARN_UNGUARDED_AVAILABILITY = YES_AGGRESSIVE;
				CLANG_WARN_UNREACHABLE_CODE = YES;
				CLANG_WARN__DUPLICATE_METHOD_MATCH = YES;
				COPY_PHASE_STRIP = NO;
				DEBUG_INFORMATION_FORMAT = dwarf;
				ENABLE_STRICT_OBJC_MSGSEND = YES;
				ENABLE_TESTABILITY = YES;
				GCC_C_LANGUAGE_STANDARD = gnu11;
				GCC_DYNAMIC_NO_PIC = NO;
				GCC_NO_COMMON_BLOCKS = YES;
				GCC_OPTIMIZATION_LEVEL = 0;
				GCC_PREPROCESSOR_DEFINITIONS = (
					"DEBUG=1",
					"$(inherited)",
				);
				GCC_WARN_64_TO_32_BIT_CONVERSION = YES;
				GCC_WARN_ABOUT_RETURN_TYPE = YES_ERROR;
				GCC_WARN_UNDECLARED_SELECTOR = YES;
				GCC_WARN_UNINITIALIZED_AUTOS = YES_AGGRESSIVE;
				GCC_WARN_UNUSED_FUNCTION = YES;
				GCC_WARN_UNUSED_VARIABLE = YES;
				MACOSX_DEPLOYMENT_TARGET = 12.0;
				MTL_ENABLE_DEBUG_INFO = INCLUDE_SOURCE;
				MTL_FAST_MATH = YES;
				ONLY_ACTIVE_ARCH = YES;
				SDKROOT = macosx;
				SWIFT_ACTIVE_COMPILATION_CONDITIONS = DEBUG;
				SWIFT_OPTIMIZATION_LEVEL = "-Onone";
			};
			name = Debug;
		};
		C21C24F0272DB498005F19AB /* Release */ = {
			isa = XCBuildConfiguration;
			buildSettings = {
				ALWAYS_SEARCH_USER_PATHS = NO;
				CLANG_ANALYZER_NONNULL = YES;
				CLANG_ANALYZER_NUMBER_OBJECT_CONVERSION = YES_AGGRESSIVE;
				CLANG_CXX_LANGUAGE_STANDARD = "gnu++17";
				CLANG_CXX_LIBRARY = "libc++";
				CLANG_ENABLE_MODULES = YES;
				CLANG_ENABLE_OBJC_ARC = YES;
				CLANG_ENABLE_OBJC_WEAK = YES;
				CLANG_WARN_BLOCK_CAPTURE_AUTORELEASING = YES;
				CLANG_WARN_BOOL_CONVERSION = YES;
				CLANG_WARN_COMMA = YES;
				CLANG_WARN_CONSTANT_CONVERSION = YES;
				CLANG_WARN_DEPRECATED_OBJC_IMPLEMENTATIONS = YES;
				CLANG_WARN_DIRECT_OBJC_ISA_USAGE = YES_ERROR;
				CLANG_WARN_DOCUMENTATION_COMMENTS = YES;
				CLANG_WARN_EMPTY_BODY = YES;
				CLANG_WARN_ENUM_CONVERSION = YES;
				CLANG_WARN_INFINITE_RECURSION = YES;
				CLANG_WARN_INT_CONVERSION = YES;
				CLANG_WARN_NON_LITERAL_NULL_CONVERSION = YES;
				CLANG_WARN_OBJC_IMPLICIT_RETAIN_SELF = YES;
				CLANG_WARN_OBJC_LITERAL_CONVERSION = YES;
				CLANG_WARN_OBJC_ROOT_CLASS = YES_ERROR;
				CLANG_WARN_QUOTED_INCLUDE_IN_FRAMEWORK_HEADER = YES;
				CLANG_WARN_RANGE_LOOP_ANALYSIS = YES;
				CLANG_WARN_STRICT_PROTOTYPES = YES;
				CLANG_WARN_SUSPICIOUS_MOVE = YES;
				CLANG_WARN_UNGUARDED_AVAILABILITY = YES_AGGRESSIVE;
				CLANG_WARN_UNREACHABLE_CODE = YES;
				CLANG_WARN__DUPLICATE_METHOD_MATCH = YES;
				COPY_PHASE_STRIP = NO;
				DEBUG_INFORMATION_FORMAT = "dwarf-with-dsym";
				ENABLE_NS_ASSERTIONS = NO;
				ENABLE_STRICT_OBJC_MSGSEND = YES;
				GCC_C_LANGUAGE_STANDARD = gnu11;
				GCC_NO_COMMON_BLOCKS = YES;
				GCC_WARN_64_TO_32_BIT_CONVERSION = YES;
				GCC_WARN_ABOUT_RETURN_TYPE = YES_ERROR;
				GCC_WARN_UNDECLARED_SELECTOR = YES;
				GCC_WARN_UNINITIALIZED_AUTOS = YES_AGGRESSIVE;
				GCC_WARN_UNUSED_FUNCTION = YES;
				GCC_WARN_UNUSED_VARIABLE = YES;
				MACOSX_DEPLOYMENT_TARGET = 12.0;
				MTL_ENABLE_DEBUG_INFO = NO;
				MTL_FAST_MATH = YES;
				SDKROOT = macosx;
				SWIFT_COMPILATION_MODE = wholemodule;
				SWIFT_OPTIMIZATION_LEVEL = "-O";
			};
			name = Release;
		};
		C21C24F2272DB498005F19AB /* Debug */ = {
			isa = XCBuildConfiguration;
			buildSettings = {
				ASSETCATALOG_COMPILER_APPICON_NAME = AppIcon;
				ASSETCATALOG_COMPILER_GLOBAL_ACCENT_COLOR_NAME = AccentColor;
				CODE_SIGN_ENTITLEMENTS = NativeChat/NativeChat.entitlements;
				CODE_SIGN_STYLE = Automatic;
				COMBINE_HIDPI_IMAGES = YES;
				CURRENT_PROJECT_VERSION = 1;
				DEVELOPMENT_ASSET_PATHS = "\"NativeChat/Preview Content\"";
				DEVELOPMENT_TEAM = 4538W4A79B;
				ENABLE_HARDENED_RUNTIME = YES;
				ENABLE_PREVIEWS = YES;
				FRAMEWORK_SEARCH_PATHS = (
					"$(inherited)",
					"$(PROJECT_DIR)",
				);
				GENERATE_INFOPLIST_FILE = YES;
				INFOPLIST_FILE = NativeChat/Info.plist;
				INFOPLIST_KEY_NSHumanReadableCopyright = "";
				LD_RUNPATH_SEARCH_PATHS = (
					"$(inherited)",
					"@executable_path/../Frameworks",
				);
				MARKETING_VERSION = 1.0;
				PRODUCT_BUNDLE_IDENTIFIER = com.aayushpokharel.opensource.NativeChat;
				PRODUCT_NAME = "$(TARGET_NAME)";
				SWIFT_EMIT_LOC_STRINGS = YES;
				SWIFT_VERSION = 5.0;
			};
			name = Debug;
		};
		C21C24F3272DB498005F19AB /* Release */ = {
			isa = XCBuildConfiguration;
			buildSettings = {
				ASSETCATALOG_COMPILER_APPICON_NAME = AppIcon;
				ASSETCATALOG_COMPILER_GLOBAL_ACCENT_COLOR_NAME = AccentColor;
				CODE_SIGN_ENTITLEMENTS = NativeChat/NativeChat.entitlements;
				CODE_SIGN_STYLE = Automatic;
				COMBINE_HIDPI_IMAGES = YES;
				CURRENT_PROJECT_VERSION = 1;
				DEVELOPMENT_ASSET_PATHS = "\"NativeChat/Preview Content\"";
				DEVELOPMENT_TEAM = 4538W4A79B;
				ENABLE_HARDENED_RUNTIME = YES;
				ENABLE_PREVIEWS = YES;
				FRAMEWORK_SEARCH_PATHS = (
					"$(inherited)",
					"$(PROJECT_DIR)",
				);
				GENERATE_INFOPLIST_FILE = YES;
				INFOPLIST_FILE = NativeChat/Info.plist;
				INFOPLIST_KEY_NSHumanReadableCopyright = "";
				LD_RUNPATH_SEARCH_PATHS = (
					"$(inherited)",
					"@executable_path/../Frameworks",
				);
				MARKETING_VERSION = 1.0;
				PRODUCT_BUNDLE_IDENTIFIER = com.aayushpokharel.opensource.NativeChat;
				PRODUCT_NAME = "$(TARGET_NAME)";
				SWIFT_EMIT_LOC_STRINGS = YES;
				SWIFT_VERSION = 5.0;
			};
			name = Release;
		};
/* End XCBuildConfiguration section */

/* Begin XCConfigurationList section */
		C21C24DD272DB498005F19AB /* Build configuration list for PBXProject "NativeChat" */ = {
			isa = XCConfigurationList;
			buildConfigurations = (
				C21C24EF272DB498005F19AB /* Debug */,
				C21C24F0272DB498005F19AB /* Release */,
			);
			defaultConfigurationIsVisible = 0;
			defaultConfigurationName = Release;
		};
		C21C24F1272DB498005F19AB /* Build configuration list for PBXNativeTarget "NativeChat" */ = {
			isa = XCConfigurationList;
			buildConfigurations = (
				C21C24F2272DB498005F19AB /* Debug */,
				C21C24F3272DB498005F19AB /* Release */,
			);
			defaultConfigurationIsVisible = 0;
			defaultConfigurationName = Release;
		};
/* End XCConfigurationList section */
	};
	rootObject = C21C24DA272DB498005F19AB /* Project object */;
}
