// !$*UTF8*$!
{
	archiveVersion = 1;
	classes = {
	};
	objectVersion = 55;
	objects = {

/* Begin PBXBuildFile section */
		C21C24E6272DB498005F19AB /* NativeChatApp.swift in Sources */ = {isa = PBXBuildFile; fileRef = C21C24E5272DB498005F19AB /* NativeChatApp.swift */; };
		C21C24E8272DB498005F19AB /* ContentView.swift in Sources */ = {isa = PBXBuildFile; fileRef = C21C24E7272DB498005F19AB /* ContentView.swift */; };
		C21C24EA272DB498005F19AB /* Assets.xcassets in Resources */ = {isa = PBXBuildFile; fileRef = C21C24E9272DB498005F19AB /* Assets.xcassets */; };
		C21C24ED272DB498005F19AB /* Preview Assets.xcassets in Resources */ = {isa = PBXBuildFile; fileRef = C21C24EC272DB498005F19AB /* Preview Assets.xcassets */; };
		C21C24FB272DB527005F19AB /* ChatViewModel.swift in Sources */ = {isa = PBXBuildFile; fileRef = C21C24FA272DB527005F19AB /* ChatViewModel.swift */; };
		C21C24FD272DB67D005F19AB /* ChatModel.swift in Sources */ = {isa = PBXBuildFile; fileRef = C21C24FC272DB67D005F19AB /* ChatModel.swift */; };
/* End PBXBuildFile section */

/* Begin PBXFileReference section */
		C21C24E2272DB498005F19AB /* NativeChat.app */ = {isa = PBXFileReference; explicitFileType = wrapper.application; includeInIndex = 0; path = NativeChat.app; sourceTree = BUILT_PRODUCTS_DIR; };
		C21C24E5272DB498005F19AB /* NativeChatApp.swift */ = {isa = PBXFileReference; lastKnownFileType = sourcecode.swift; path = NativeChatApp.swift; sourceTree = "<group>"; };
		C21C24E7272DB498005F19AB /* ContentView.swift */ = {isa = PBXFileReference; lastKnownFileType = sourcecode.swift; path = ContentView.swift; sourceTree = "<group>"; };
		C21C24E9272DB498005F19AB /* Assets.xcassets */ = {isa = PBXFileReference; lastKnownFileType = folder.assetcatalog; path = Assets.xcassets; sourceTree = "<group>"; };
		C21C24EC272DB498005F19AB /* Preview Assets.xcassets */ = {isa = PBXFileReference; lastKnownFileType = folder.assetcatalog; path = "Preview Assets.xcassets"; sourceTree = "<group>"; };
		C21C24EE272DB498005F19AB /* NativeChat.entitlements */ = {isa = PBXFileReference; lastKnownFileType = text.plist.entitlements; path = NativeChat.entitlements; sourceTree = "<group>"; };
		C21C24FA272DB527005F19AB /* ChatViewModel.swift */ = {isa = PBXFileReference; lastKnownFileType = sourcecode.swift; path = ChatViewModel.swift; sourceTree = "<group>"; };
		C21C24FC272DB67D005F19AB /* ChatModel.swift */ = {isa = PBXFileReference; lastKnownFileType = sourcecode.swift; path = ChatModel.swift; sourceTree = "<group>"; };
/* End PBXFileReference section */

/* Begin PBXFrameworksBuildPhase section */
		C21C24DF272DB498005F19AB /* Frameworks */ = {
			isa = PBXFrameworksBuildPhase;
			buildActionMask = 2147483647;
			files = (
			);
			runOnlyForDeploymentPostprocessing = 0;
		};
/* End PBXFrameworksBuildPhase section */

/* Begin PBXGroup section */
		C21C24D9272DB498005F19AB = {
			isa = PBXGroup;
			children = (
				C21C24E4272DB498005F19AB /* NativeChat */,
				C21C24E3272DB498005F19AB /* Products */,
				C221A687272DB9F400B78E53 /* Frameworks */,
			);
			sourceTree = "<group>";
		};
		C21C24E3272DB498005F19AB /* Products */ = {
			isa = PBXGroup;
			children = (
				C21C24E2272DB498005F19AB /* NativeChat.app */,
			);
			name = Products;
			sourceTree = "<group>";
		};
		C21C24E4272DB498005F19AB /* NativeChat */ = {
			isa = PBXGroup;
			children = (
				C21C24E5272DB498005F19AB /* NativeChatApp.swift */,
				C21C24E7272DB498005F19AB /* ContentView.swift */,
				C21C24F7272DB4DE005F19AB /* Views */,
				C21C24F9272DB4E6005F19AB /* ViewModel */,
				C21C24F8272DB4E3005F19AB /*  Model */,
				C21C24E9272DB498005F19AB /* Assets.xcassets */,
				C21C24EE272DB498005F19AB /* NativeChat.entitlements */,
				C21C24EB272DB498005F19AB /* Preview Content */,
			);
			path = NativeChat;
			sourceTree = "<group>";
		};
		C21C24EB272DB498005F19AB /* Preview Content */ = {
			isa = PBXGroup;
			children = (
				C21C24EC272DB498005F19AB /* Preview Assets.xcassets */,
			);
			path = "Preview Content";
			sourceTree = "<group>";
		};
		C21C24F7272DB4DE005F19AB /* Views */ = {
			isa = PBXGroup;
			children = (
			);
			path = Views;
			sourceTree = "<group>";
		};
		C21C24F8272DB4E3005F19AB /*  Model */ = {
			isa = PBXGroup;
			children = (
				C21C24FC272DB67D005F19AB /* ChatModel.swift */,
			);
			path = " Model";
			sourceTree = "<group>";
		};
		C21C24F9272DB4E6005F19AB /* ViewModel */ = {
			isa = PBXGroup;
			children = (
				C21C24FA272DB527005F19AB /* ChatViewModel.swift */,
			);
			path = ViewModel;
			sourceTree = "<group>";
		};
		C221A687272DB9F400B78E53 /* Frameworks */ = {
			isa = PBXGroup;
			children = (
			);
			name = Frameworks;
			sourceTree = "<group>";
		};
/* End PBXGroup section */

/* Begin PBXNativeTarget section */
		C21C24E1272DB498005F19AB /* NativeChat */ = {
			isa = PBXNativeTarget;
			buildConfigurationList = C21C24F1272DB498005F19AB /* Build configuration list for PBXNativeTarget "NativeChat" */;
			buildPhases = (
				C21C24DE272DB498005F19AB /* Sources */,
				C21C24DF272DB498005F19AB /* Frameworks */,
				C21C24E0272DB498005F19AB /* Resources */,
			);
			buildRules = (
			);
			dependencies = (
			);
			name = NativeChat;
			packageProductDependencies = (
			);
			productName = NativeChat;
			productReference = C21C24E2272DB498005F19AB /* NativeChat.app */;
			productType = "com.apple.product-type.application";
		};
/* End PBXNativeTarget section */

/* Begin PBXProject section */
		C21C24DA272DB498005F19AB /* Project object */ = {
			isa = PBXProject;
			attributes = {
				BuildIndependentTargetsInParallel = 1;
				LastSwiftUpdateCheck = 1310;
				LastUpgradeCheck = 1310;
				TargetAttributes = {
					C21C24E1272DB498005F19AB = {
						CreatedOnToolsVersion = 13.1;
					};
				};
			};
			buildConfigurationList = C21C24DD272DB498005F19AB /* Build configuration list for PBXProject "NativeChat" */;
			compatibilityVersion = "Xcode 13.0";
			developmentRegion = en;
			hasScannedForEncodings = 0;
			knownRegions = (
				en,
				Base,
			);
			mainGroup = C21C24D9272DB498005F19AB;
			packageReferences = (
			);
			productRefGroup = C21C24E3272DB498005F19AB /* Products */;
			projectDirPath = "";
			projectRoot = "";
			targets = (
				C21C24E1272DB498005F19AB /* NativeChat */,
			);
		};
/* End PBXProject section */

/* Begin PBXResourcesBuildPhase section */
		C21C24E0272DB498005F19AB /* Resources */ = {
			isa = PBXResourcesBuildPhase;
			buildActionMask = 2147483647;
			files = (
				C21C24ED272DB498005F19AB /* Preview Assets.xcassets in Resources */,
				C21C24EA272DB498005F19AB /* Assets.xcassets in Resources */,
			);
			runOnlyForDeploymentPostprocessing = 0;
		};
/* End PBXResourcesBuildPhase section */

/* Begin PBXSourcesBuildPhase section */
		C21C24DE272DB498005F19AB /* Sources */ = {
			isa = PBXSourcesBuildPhase;
			buildActionMask = 2147483647;
			files = (
				C21C24E8272DB498005F19AB /* ContentView.swift in Sources */,
				C21C24FB272DB527005F19AB /* ChatViewModel.swift in Sources */,
				C21C24E6272DB498005F19AB /* NativeChatApp.swift in Sources */,
				C21C24FD272DB67D005F19AB /* ChatModel.swift in Sources */,
			);
			runOnlyForDeploymentPostprocessing = 0;
		};
/* End PBXSourcesBuildPhase section */

/* Begin XCBuildConfiguration section */
		C21C24EF272DB498005F19AB /* Debug */ = {
			isa = XCBuildConfiguration;
			buildSettings = {
				ALWAYS_SEARCH_USER_PATHS = NO;
				CLANG_ANALYZER_NONNULL = YES;
				CLANG_ANALYZER_NUMBER_OBJECT_CONVERSION = YES_AGGRESSIVE;
				CLANG_CXX_LANGUAGE_STANDARD = "gnu++17";
				CLANG_CXX_LIBRARY = "libc++";
				CLANG_ENABLE_MODULES = YES;
				CLANG_ENABLE_OBJC_ARC = YES;
				CLANG_ENABLE_OBJC_WEAK = YES;
				CLANG_WARN_BLOCK_CAPTURE_AUTORELEASING = YES;
				CLANG_WARN_BOOL_CONVERSION = YES;
				CLANG_WARN_COMMA = YES;
				CLANG_WARN_CONSTANT_CONVERSION = YES;
				CLANG_WARN_DEPRECATED_OBJC_IMPLEMENTATIONS = YES;
				CLANG_WARN_DIRECT_OBJC_ISA_USAGE = YES_ERROR;
				CLANG_WARN_DOCUMENTATION_COMMENTS = YES;
				CLANG_WARN_EMPTY_BODY = YES;
				CLANG_WARN_ENUM_CONVERSION = YES;
				CLANG_WARN_INFINITE_RECURSION = YES;
				CLANG_WARN_INT_CONVERSION = YES;
				CLANG_WARN_NON_LITERAL_NULL_CONVERSION = YES;
				CLANG_WARN_OBJC_IMPLICIT_RETAIN_SELF = YES;
				CLANG_WARN_OBJC_LITERAL_CONVERSION = YES;
				CLANG_WARN_OBJC_ROOT_CLASS = YES_ERROR;
				CLANG_WARN_QUOTED_INCLUDE_IN_FRAMEWORK_HEADER = YES;
				CLANG_WARN_RANGE_LOOP_ANALYSIS = YES;
				CLANG_WARN_STRICT_PROTOTYPES = YES;
				CLANG_WARN_SUSPICIOUS_MOVE = YES;
				CLANG_WARN_UNGUARDED_AVAILABILITY = YES_AGGRESSIVE;
				CLANG_WARN_UNREACHABLE_CODE = YES;
				CLANG_WARN__DUPLICATE_METHOD_MATCH = YES;
				COPY_PHASE_STRIP = NO;
				DEBUG_INFORMATION_FORMAT = dwarf;
				ENABLE_STRICT_OBJC_MSGSEND = YES;
				ENABLE_TESTABILITY = YES;
				GCC_C_LANGUAGE_STANDARD = gnu11;
				GCC_DYNAMIC_NO_PIC = NO;
				GCC_NO_COMMON_BLOCKS = YES;
				GCC_OPTIMIZATION_LEVEL = 0;
				GCC_PREPROCESSOR_DEFINITIONS = (
					"DEBUG=1",
					"$(inherited)",
				);
				GCC_WARN_64_TO_32_BIT_CONVERSION = YES;
				GCC_WARN_ABOUT_RETURN_TYPE = YES_ERROR;
				GCC_WARN_UNDECLARED_SELECTOR = YES;
				GCC_WARN_UNINITIALIZED_AUTOS = YES_AGGRESSIVE;
				GCC_WARN_UNUSED_FUNCTION = YES;
				GCC_WARN_UNUSED_VARIABLE = YES;
				MACOSX_DEPLOYMENT_TARGET = 12.0;
				MTL_ENABLE_DEBUG_INFO = INCLUDE_SOURCE;
				MTL_FAST_MATH = YES;
				ONLY_ACTIVE_ARCH = YES;
				SDKROOT = macosx;
				SWIFT_ACTIVE_COMPILATION_CONDITIONS = DEBUG;
				SWIFT_OPTIMIZATION_LEVEL = "-Onone";
			};
			name = Debug;
		};
		C21C24F0272DB498005F19AB /* Release */ = {
			isa = XCBuildConfiguration;
			buildSettings = {
				ALWAYS_SEARCH_USER_PATHS = NO;
				CLANG_ANALYZER_NONNULL = YES;
				CLANG_ANALYZER_NUMBER_OBJECT_CONVERSION = YES_AGGRESSIVE;
				CLANG_CXX_LANGUAGE_STANDARD = "gnu++17";
				CLANG_CXX_LIBRARY = "libc++";
				CLANG_ENABLE_MODULES = YES;
				CLANG_ENABLE_OBJC_ARC = YES;
				CLANG_ENABLE_OBJC_WEAK = YES;
				CLANG_WARN_BLOCK_CAPTURE_AUTORELEASING = YES;
				CLANG_WARN_BOOL_CONVERSION = YES;
				CLANG_WARN_COMMA = YES;
				CLANG_WARN_CONSTANT_CONVERSION = YES;
				CLANG_WARN_DEPRECATED_OBJC_IMPLEMENTATIONS = YES;
				CLANG_WARN_DIRECT_OBJC_ISA_USAGE = YES_ERROR;
				CLANG_WARN_DOCUMENTATION_COMMENTS = YES;
				CLANG_WARN_EMPTY_BODY = YES;
				CLANG_WARN_ENUM_CONVERSION = YES;
				CLANG_WARN_INFINITE_RECURSION = YES;
				CLANG_WARN_INT_CONVERSION = YES;
				CLANG_WARN_NON_LITERAL_NULL_CONVERSION = YES;
				CLANG_WARN_OBJC_IMPLICIT_RETAIN_SELF = YES;
				CLANG_WARN_OBJC_LITERAL_CONVERSION = YES;
				CLANG_WARN_OBJC_ROOT_CLASS = YES_ERROR;
				CLANG_WARN_QUOTED_INCLUDE_IN_FRAMEWORK_HEADER = YES;
				CLANG_WARN_RANGE_LOOP_ANALYSIS = YES;
				CLANG_WARN_STRICT_PROTOTYPES = YES;
				CLANG_WARN_SUSPICIOUS_MOVE = YES;
				CLANG_WARN_UNGUARDED_AVAILABILITY = YES_AGGRESSIVE;
				CLANG_WARN_UNREACHABLE_CODE = YES;
				CLANG_WARN__DUPLICATE_METHOD_MATCH = YES;
				COPY_PHASE_STRIP = NO;
				DEBUG_INFORMATION_FORMAT = "dwarf-with-dsym";
				ENABLE_NS_ASSERTIONS = NO;
				ENABLE_STRICT_OBJC_MSGSEND = YES;
				GCC_C_LANGUAGE_STANDARD = gnu11;
				GCC_NO_COMMON_BLOCKS = YES;
				GCC_WARN_64_TO_32_BIT_CONVERSION = YES;
				GCC_WARN_ABOUT_RETURN_TYPE = YES_ERROR;
				GCC_WARN_UNDECLARED_SELECTOR = YES;
				GCC_WARN_UNINITIALIZED_AUTOS = YES_AGGRESSIVE;
				GCC_WARN_UNUSED_FUNCTION = YES;
				GCC_WARN_UNUSED_VARIABLE = YES;
				MACOSX_DEPLOYMENT_TARGET = 12.0;
				MTL_ENABLE_DEBUG_INFO = NO;
				MTL_FAST_MATH = YES;
				SDKROOT = macosx;
				SWIFT_COMPILATION_MODE = wholemodule;
				SWIFT_OPTIMIZATION_LEVEL = "-O";
			};
			name = Release;
		};
		C21C24F2272DB498005F19AB /* Debug */ = {
			isa = XCBuildConfiguration;
			buildSettings = {
				ASSETCATALOG_COMPILER_APPICON_NAME = AppIcon;
				ASSETCATALOG_COMPILER_GLOBAL_ACCENT_COLOR_NAME = AccentColor;
				CODE_SIGN_ENTITLEMENTS = NativeChat/NativeChat.entitlements;
				CODE_SIGN_STYLE = Automatic;
				COMBINE_HIDPI_IMAGES = YES;
				CURRENT_PROJECT_VERSION = 1;
				DEVELOPMENT_ASSET_PATHS = "\"NativeChat/Preview Content\"";
				DEVELOPMENT_TEAM = 4538W4A79B;
				ENABLE_HARDENED_RUNTIME = YES;
				ENABLE_PREVIEWS = YES;
				GENERATE_INFOPLIST_FILE = YES;
				INFOPLIST_KEY_NSHumanReadableCopyright = "";
				LD_RUNPATH_SEARCH_PATHS = (
					"$(inherited)",
					"@executable_path/../Frameworks",
				);
				MARKETING_VERSION = 1.0;
				PRODUCT_BUNDLE_IDENTIFIER = com.aayushpokharel.opensource.NativeChat;
				PRODUCT_NAME = "$(TARGET_NAME)";
				SWIFT_EMIT_LOC_STRINGS = YES;
				SWIFT_VERSION = 5.0;
			};
			name = Debug;
		};
		C21C24F3272DB498005F19AB /* Release */ = {
			isa = XCBuildConfiguration;
			buildSettings = {
				ASSETCATALOG_COMPILER_APPICON_NAME = AppIcon;
				ASSETCATALOG_COMPILER_GLOBAL_ACCENT_COLOR_NAME = AccentColor;
				CODE_SIGN_ENTITLEMENTS = NativeChat/NativeChat.entitlements;
				CODE_SIGN_STYLE = Automatic;
				COMBINE_HIDPI_IMAGES = YES;
				CURRENT_PROJECT_VERSION = 1;
				DEVELOPMENT_ASSET_PATHS = "\"NativeChat/Preview Content\"";
				DEVELOPMENT_TEAM = 4538W4A79B;
				ENABLE_HARDENED_RUNTIME = YES;
				ENABLE_PREVIEWS = YES;
				GENERATE_INFOPLIST_FILE = YES;
				INFOPLIST_KEY_NSHumanReadableCopyright = "";
				LD_RUNPATH_SEARCH_PATHS = (
					"$(inherited)",
					"@executable_path/../Frameworks",
				);
				MARKETING_VERSION = 1.0;
				PRODUCT_BUNDLE_IDENTIFIER = com.aayushpokharel.opensource.NativeChat;
				PRODUCT_NAME = "$(TARGET_NAME)";
				SWIFT_EMIT_LOC_STRINGS = YES;
				SWIFT_VERSION = 5.0;
			};
			name = Release;
		};
/* End XCBuildConfiguration section */

/* Begin XCConfigurationList section */
		C21C24DD272DB498005F19AB /* Build configuration list for PBXProject "NativeChat" */ = {
			isa = XCConfigurationList;
			buildConfigurations = (
				C21C24EF272DB498005F19AB /* Debug */,
				C21C24F0272DB498005F19AB /* Release */,
			);
			defaultConfigurationIsVisible = 0;
			defaultConfigurationName = Release;
		};
		C21C24F1272DB498005F19AB /* Build configuration list for PBXNativeTarget "NativeChat" */ = {
			isa = XCConfigurationList;
			buildConfigurations = (
				C21C24F2272DB498005F19AB /* Debug */,
				C21C24F3272DB498005F19AB /* Release */,
			);
			defaultConfigurationIsVisible = 0;
			defaultConfigurationName = Release;
		};
/* End XCConfigurationList section */
	};
	rootObject = C21C24DA272DB498005F19AB /* Project object */;
}
